
Microsoft Visual Studio Solution File, Format Version 12.00
# Visual Studio Version 17
VisualStudioVersion = 17.5.002.0
MinimumVisualStudioVersion = 10.0.40219.1
Project("{2150E333-8FDC-42A3-9474-1A3956D46DE8}") = "semana1", "semana1", "{6402C821-AFD0-49CD-96C0-C043A23C23CC}"
EndProject
Project("{9A19103F-16F7-4668-BE54-9A1E7A4F7556}") = "testes_c#", "semana1\aula_09_11_23\testes_c#.csproj", "{C07BA107-B244-4DA3-A883-4712B5BE8A06}"
EndProject
Project("{9A19103F-16F7-4668-BE54-9A1E7A4F7556}") = ".NET-PO01", "semana1\NET-PO01\.NET-PO01.csproj", "{5CB52B14-0741-4965-A9C2-2C8FEB2BBF77}"
EndProject
Project("{2150E333-8FDC-42A3-9474-1A3956D46DE8}") = "semana2", "semana2", "{889191A8-8EDF-44BB-B6DA-4241F20C1181}"
EndProject
Project("{9A19103F-16F7-4668-BE54-9A1E7A4F7556}") = "NET-PO02", "semana2\NET-PO02\NET-PO02.csproj", "{7D7BAE3F-841F-4AAC-8747-3D5FBAB7ADB1}"
EndProject
Project("{2150E333-8FDC-42A3-9474-1A3956D46DE8}") = "semana3", "semana3", "{54AF86A1-0BE6-420A-9E37-2DB304B595FC}"
EndProject
Project("{9A19103F-16F7-4668-BE54-9A1E7A4F7556}") = "NET-PO03", "semana3\NET-PO03\NET-PO03.csproj", "{C4F5582B-7AE0-4CA7-8ADA-CFF17F7D4402}"
EndProject
Project("{2150E333-8FDC-42A3-9474-1A3956D46DE8}") = "semana4", "semana4", "{8C081D2B-26D0-4F1A-B68E-41319E3DE172}"
EndProject
Project("{2150E333-8FDC-42A3-9474-1A3956D46DE8}") = "aula_30_11_23", "aula_30_11_23", "{B988F90B-400D-40BA-AEF3-98579088FDC2}"
EndProject
Project("{9A19103F-16F7-4668-BE54-9A1E7A4F7556}") = "Prova_individual", "semana4\aula_30_11_23\Prova_individual\Prova_individual.csproj", "{EB2BC62A-6966-423A-9EEE-62E018D65B92}"
EndProject
Global
	GlobalSection(SolutionConfigurationPlatforms) = preSolution
		Debug|Any CPU = Debug|Any CPU
		Release|Any CPU = Release|Any CPU
	EndGlobalSection
	GlobalSection(ProjectConfigurationPlatforms) = postSolution
		{C07BA107-B244-4DA3-A883-4712B5BE8A06}.Debug|Any CPU.ActiveCfg = Debug|Any CPU
		{C07BA107-B244-4DA3-A883-4712B5BE8A06}.Debug|Any CPU.Build.0 = Debug|Any CPU
		{C07BA107-B244-4DA3-A883-4712B5BE8A06}.Release|Any CPU.ActiveCfg = Release|Any CPU
		{C07BA107-B244-4DA3-A883-4712B5BE8A06}.Release|Any CPU.Build.0 = Release|Any CPU
		{5CB52B14-0741-4965-A9C2-2C8FEB2BBF77}.Debug|Any CPU.ActiveCfg = Debug|Any CPU
		{5CB52B14-0741-4965-A9C2-2C8FEB2BBF77}.Debug|Any CPU.Build.0 = Debug|Any CPU
		{5CB52B14-0741-4965-A9C2-2C8FEB2BBF77}.Release|Any CPU.ActiveCfg = Release|Any CPU
		{5CB52B14-0741-4965-A9C2-2C8FEB2BBF77}.Release|Any CPU.Build.0 = Release|Any CPU
		{7D7BAE3F-841F-4AAC-8747-3D5FBAB7ADB1}.Debug|Any CPU.ActiveCfg = Debug|Any CPU
		{7D7BAE3F-841F-4AAC-8747-3D5FBAB7ADB1}.Debug|Any CPU.Build.0 = Debug|Any CPU
		{7D7BAE3F-841F-4AAC-8747-3D5FBAB7ADB1}.Release|Any CPU.ActiveCfg = Release|Any CPU
		{7D7BAE3F-841F-4AAC-8747-3D5FBAB7ADB1}.Release|Any CPU.Build.0 = Release|Any CPU
		{C4F5582B-7AE0-4CA7-8ADA-CFF17F7D4402}.Debug|Any CPU.ActiveCfg = Debug|Any CPU
		{C4F5582B-7AE0-4CA7-8ADA-CFF17F7D4402}.Debug|Any CPU.Build.0 = Debug|Any CPU
		{C4F5582B-7AE0-4CA7-8ADA-CFF17F7D4402}.Release|Any CPU.ActiveCfg = Release|Any CPU
		{C4F5582B-7AE0-4CA7-8ADA-CFF17F7D4402}.Release|Any CPU.Build.0 = Release|Any CPU
		{EB2BC62A-6966-423A-9EEE-62E018D65B92}.Debug|Any CPU.ActiveCfg = Debug|Any CPU
		{EB2BC62A-6966-423A-9EEE-62E018D65B92}.Debug|Any CPU.Build.0 = Debug|Any CPU
		{EB2BC62A-6966-423A-9EEE-62E018D65B92}.Release|Any CPU.ActiveCfg = Release|Any CPU
		{EB2BC62A-6966-423A-9EEE-62E018D65B92}.Release|Any CPU.Build.0 = Release|Any CPU
	EndGlobalSection
	GlobalSection(SolutionProperties) = preSolution
		HideSolutionNode = FALSE
	EndGlobalSection
	GlobalSection(NestedProjects) = preSolution
		{C07BA107-B244-4DA3-A883-4712B5BE8A06} = {6402C821-AFD0-49CD-96C0-C043A23C23CC}
		{5CB52B14-0741-4965-A9C2-2C8FEB2BBF77} = {6402C821-AFD0-49CD-96C0-C043A23C23CC}
		{7D7BAE3F-841F-4AAC-8747-3D5FBAB7ADB1} = {889191A8-8EDF-44BB-B6DA-4241F20C1181}
		{C4F5582B-7AE0-4CA7-8ADA-CFF17F7D4402} = {54AF86A1-0BE6-420A-9E37-2DB304B595FC}
		{B988F90B-400D-40BA-AEF3-98579088FDC2} = {8C081D2B-26D0-4F1A-B68E-41319E3DE172}
		{EB2BC62A-6966-423A-9EEE-62E018D65B92} = {B988F90B-400D-40BA-AEF3-98579088FDC2}
	EndGlobalSection
	GlobalSection(ExtensibilityGlobals) = postSolution
		SolutionGuid = {8B96EA7E-3FFD-4B38-BD7C-BFA6CF92AD86}
	EndGlobalSection
EndGlobal
