
Microsoft Visual Studio Solution File, Format Version 12.00
# Visual Studio Version 17
VisualStudioVersion = 17.5.002.0
MinimumVisualStudioVersion = 10.0.40219.1
Project("{2150E333-8FDC-42A3-9474-1A3956D46DE8}") = "semana1", "semana1", "{3759FC88-4682-47EC-AB11-59B51F0FEEEE}"
EndProject
Project("{9A19103F-16F7-4668-BE54-9A1E7A4F7556}") = "testes_c#", "semana1\aula_09_11_23\testes_c#.csproj", "{7D36ED93-5627-44E7-9E07-03558321A3FC}"
EndProject
Project("{9A19103F-16F7-4668-BE54-9A1E7A4F7556}") = ".NET-PO01", "semana1\NET-PO01\.NET-PO01.csproj", "{F45E11F0-E078-4438-B915-C73359930DCD}"
EndProject
Project("{2150E333-8FDC-42A3-9474-1A3956D46DE8}") = "semana2", "semana2", "{932B89AE-CCF1-42FA-A3CF-FC96DD47CC2E}"
EndProject
Project("{9A19103F-16F7-4668-BE54-9A1E7A4F7556}") = "NET-PO02", "semana2\NET-PO02\NET-PO02.csproj", "{14722D98-D682-41D5-8161-6FE817507A9D}"
EndProject
Project("{2150E333-8FDC-42A3-9474-1A3956D46DE8}") = "semana4", "semana4", "{4A4AA034-2010-4887-A490-7063EDD28BD3}"
EndProject
Project("{2150E333-8FDC-42A3-9474-1A3956D46DE8}") = "aula_30_11_23", "aula_30_11_23", "{8EFEFDA3-F94F-4FE3-BD7E-AD54BF01177C}"
EndProject
Project("{9A19103F-16F7-4668-BE54-9A1E7A4F7556}") = "Prova_individual", "semana4\aula_30_11_23\Prova_individual\Prova_individual.csproj", "{33745615-650F-4B7F-A979-F8A9F565F243}"
EndProject
Global
	GlobalSection(SolutionConfigurationPlatforms) = preSolution
		Debug|Any CPU = Debug|Any CPU
		Release|Any CPU = Release|Any CPU
	EndGlobalSection
	GlobalSection(ProjectConfigurationPlatforms) = postSolution
		{7D36ED93-5627-44E7-9E07-03558321A3FC}.Debug|Any CPU.ActiveCfg = Debug|Any CPU
		{7D36ED93-5627-44E7-9E07-03558321A3FC}.Debug|Any CPU.Build.0 = Debug|Any CPU
		{7D36ED93-5627-44E7-9E07-03558321A3FC}.Release|Any CPU.ActiveCfg = Release|Any CPU
		{7D36ED93-5627-44E7-9E07-03558321A3FC}.Release|Any CPU.Build.0 = Release|Any CPU
		{F45E11F0-E078-4438-B915-C73359930DCD}.Debug|Any CPU.ActiveCfg = Debug|Any CPU
		{F45E11F0-E078-4438-B915-C73359930DCD}.Debug|Any CPU.Build.0 = Debug|Any CPU
		{F45E11F0-E078-4438-B915-C73359930DCD}.Release|Any CPU.ActiveCfg = Release|Any CPU
		{F45E11F0-E078-4438-B915-C73359930DCD}.Release|Any CPU.Build.0 = Release|Any CPU
		{14722D98-D682-41D5-8161-6FE817507A9D}.Debug|Any CPU.ActiveCfg = Debug|Any CPU
		{14722D98-D682-41D5-8161-6FE817507A9D}.Debug|Any CPU.Build.0 = Debug|Any CPU
		{14722D98-D682-41D5-8161-6FE817507A9D}.Release|Any CPU.ActiveCfg = Release|Any CPU
		{14722D98-D682-41D5-8161-6FE817507A9D}.Release|Any CPU.Build.0 = Release|Any CPU
		{33745615-650F-4B7F-A979-F8A9F565F243}.Debug|Any CPU.ActiveCfg = Debug|Any CPU
		{33745615-650F-4B7F-A979-F8A9F565F243}.Debug|Any CPU.Build.0 = Debug|Any CPU
		{33745615-650F-4B7F-A979-F8A9F565F243}.Release|Any CPU.ActiveCfg = Release|Any CPU
		{33745615-650F-4B7F-A979-F8A9F565F243}.Release|Any CPU.Build.0 = Release|Any CPU
	EndGlobalSection
	GlobalSection(SolutionProperties) = preSolution
		HideSolutionNode = FALSE
	EndGlobalSection
	GlobalSection(NestedProjects) = preSolution
		{7D36ED93-5627-44E7-9E07-03558321A3FC} = {3759FC88-4682-47EC-AB11-59B51F0FEEEE}
		{F45E11F0-E078-4438-B915-C73359930DCD} = {3759FC88-4682-47EC-AB11-59B51F0FEEEE}
		{14722D98-D682-41D5-8161-6FE817507A9D} = {932B89AE-CCF1-42FA-A3CF-FC96DD47CC2E}
		{8EFEFDA3-F94F-4FE3-BD7E-AD54BF01177C} = {4A4AA034-2010-4887-A490-7063EDD28BD3}
		{33745615-650F-4B7F-A979-F8A9F565F243} = {8EFEFDA3-F94F-4FE3-BD7E-AD54BF01177C}
	EndGlobalSection
	GlobalSection(ExtensibilityGlobals) = postSolution
		SolutionGuid = {E2346A07-1993-4195-86D1-2BD4DA73D1F9}
	EndGlobalSection
EndGlobal
